{
  "name": "meuportfolio",
  "version": "1.0.0",
  "lockfileVersion": 3,
  "requires": true,
  "packages": {
    "": {
      "name": "meuportfolio",
      "version": "1.0.0",
      "license": "ISC",
      "dependencies": {
        "gsap": "^3.15.0",
        "lenis": "^1.3.23",
        "lucide": "^1.17.0",
        "split-type": "^0.3.4",
        "three": "^0.184.0",
        "three-stdlib": "^2.36.1",
        "tsparticles": "^4.1.3"
      }
    },
    "node_modules/@tsparticles/basic": {
      "version": "4.1.3",
      "resolved": "https://registry.npmjs.org/@tsparticles/basic/-/basic-4.1.3.tgz",
      "integrity": "sha512-swcUPyiLGLx4L6KIgZVzVvw3d4EIL6HIx5Y1ykx5WD3vdw0kf7v6bLE3s1e/q0BXs2aoPhsHfv2CNMhxhW6Dfw==",
      "funding": [
        {
          "type": "github",
          "url": "https://github.com/sponsors/matteobruni"
        },
        {
          "type": "github",
          "url": "https://github.com/sponsors/tsparticles"
        },
        {
          "type": "buymeacoffee",
          "url": "https://www.buymeacoffee.com/matteobruni"
        }
      ],
      "license": "MIT",
      "dependencies": {
        "@tsparticles/engine": "4.1.3",
        "@tsparticles/plugin-blend": "4.1.3",
        "@tsparticles/plugin-hex-color": "4.1.3",
        "@tsparticles/plugin-hsl-color": "4.1.3",
        "@tsparticles/plugin-move": "4.1.3",
        "@tsparticles/plugin-rgb-color": "4.1.3",
        "@tsparticles/shape-circle": "4.1.3",
        "@tsparticles/updater-opacity": "4.1.3",
        "@tsparticles/updater-out-modes": "4.1.3",
        "@tsparticles/updater-paint": "4.1.3",
        "@tsparticles/updater-size": "4.1.3"
      }
    },
    "node_modules/@tsparticles/canvas-utils": {
      "version": "4.1.3",
      "resolved": "https://registry.npmjs.org/@tsparticles/canvas-utils/-/canvas-utils-4.1.3.tgz",
      "integrity": "sha512-dKu6J0qMUjgGv3WLOeVHABoivBltwctVic7KyvKltfHLr+JH9c83cNTAvrYGO/h3MODVScmrKGHR3sZ0+kAqTw==",
      "funding": [
        {
          "type": "github",
          "url": "https://github.com/sponsors/matteobruni"
        },
        {
          "type": "github",
          "url": "https://github.com/sponsors/tsparticles"
        },
        {
          "type": "buymeacoffee",
          "url": "https://www.buymeacoffee.com/matteobruni"
        }
      ],
      "license": "MIT",
      "peerDependencies": {
        "@tsparticles/engine": "4.1.3"
      }
    },
    "node_modules/@tsparticles/engine": {
      "version": "4.1.3",
      "resolved": "https://registry.npmjs.org/@tsparticles/engine/-/engine-4.1.3.tgz",
      "integrity": "sha512-AtecYuW/YHeLvPRwehbqsEEToRaeGPVet7uWC0Fbc0nXiaH0xp7ht2XBS7WmQsj7kbGB2WQ15e3Gj+ZlNKCczQ==",
      "funding": [
        {
          "type": "github",
          "url": "https://github.com/sponsors/matteobruni"
        },
        {
          "type": "github",
          "url": "https://github.com/sponsors/tsparticles"
        },
        {
          "type": "buymeacoffee",
          "url": "https://www.buymeacoffee.com/matteobruni"
        }
      ],
      "hasInstallScript": true,
      "license": "MIT"
    },
    "node_modules/@tsparticles/interaction-external-attract": {
      "version": "4.1.3",
      "resolved": "https://registry.npmjs.org/@tsparticles/interaction-external-attract/-/interaction-external-attract-4.1.3.tgz",
      "integrity": "sha512-aIlB4z4IxsFoLoWAzmTmeTZqp86dgC6c0h7kzosjvVAqGsBXq7fhZwFNxyll1tgbAlvn1FFyetYcmvwHe1Aamg==",
      "license": "MIT",
      "peerDependencies": {
        "@tsparticles/engine": "4.1.3",
        "@tsparticles/plugin-interactivity": "4.1.3"
      }
    },
    "node_modules/@tsparticles/interaction-external-bounce": {
      "version": "4.1.3",
      "resolved": "https://registry.npmjs.org/@tsparticles/interaction-external-bounce/-/interaction-external-bounce-4.1.3.tgz",
      "integrity": "sha512-z6cUYA5Wnt1bkjpV1Jp7PB5UGW8uTXTL2QX84gaVf9Ock5qKhAYwE/B+NVHpUzgh24JFmpF3cF6LswoiZ0/WOQ==",
      "license": "MIT",
      "peerDependencies": {
        "@tsparticles/engine": "4.1.3",
        "@tsparticles/plugin-interactivity": "4.1.3"
      }
    },
    "node_modules/@tsparticles/interaction-external-bubble": {
      "version": "4.1.3",
      "resolved": "https://registry.npmjs.org/@tsparticles/interaction-external-bubble/-/interaction-external-bubble-4.1.3.tgz",
      "integrity": "sha512-S5G1cD7jz7aN3VesPXfa0G95ttR4W9lQRSDkF8GmrCdsuxn2vOIb9zmU2u76ucY3zheZ3dRqZaQb96fjkeH4/Q==",
      "license": "MIT",
      "peerDependencies": {
        "@tsparticles/engine": "4.1.3",
        "@tsparticles/plugin-interactivity": "4.1.3"
      }
    },
    "node_modules/@tsparticles/interaction-external-connect": {
      "version": "4.1.3",
      "resolved": "https://registry.npmjs.org/@tsparticles/interaction-external-connect/-/interaction-external-connect-4.1.3.tgz",
      "integrity": "sha512-eLhfQVP0kWq/jPblOD/czrbHGqv/IiMddaw4otASsj4J10xDNoVGeH76avEVqJs+XCbgnyZog2Gytw6B3exMKQ==",
      "license": "MIT",
      "dependencies": {
        "@tsparticles/canvas-utils": "4.1.3"
      },
      "peerDependencies": {
        "@tsparticles/engine": "4.1.3",
        "@tsparticles/plugin-interactivity": "4.1.3"
      }
    },
    "node_modules/@tsparticles/interaction-external-destroy": {
      "version": "4.1.3",
      "resolved": "https://registry.npmjs.org/@tsparticles/interaction-external-destroy/-/interaction-external-destroy-4.1.3.tgz",
      "integrity": "sha512-u2/ncHMzbSjT1xBsIDSOFzTxVNNg2QolCiUzh35gziTP/mF6UDJrAFd0cMr+Osa/XQX3dmFQ+rOYClEowncJVw==",
      "license": "MIT",
      "peerDependencies": {
        "@tsparticles/engine": "4.1.3",
        "@tsparticles/plugin-interactivity": "4.1.3"
      }
    },
    "node_modules/@tsparticles/interaction-external-drag": {
      "version": "4.1.3",
      "resolved": "https://registry.npmjs.org/@tsparticles/interaction-external-drag/-/interaction-external-drag-4.1.3.tgz",
      "integrity": "sha512-0lUwCv7HlmpPZtQXna3ChHBd4mHtGQvExxLFZxj8aM+C20Ni6up8rrXXPdO+w0nAqnpEYyWDb39Y6Bcd6N2weA==",
      "license": "MIT",
      "peerDependencies": {
        "@tsparticles/engine": "4.1.3",
        "@tsparticles/plugin-interactivity": "4.1.3"
      }
    },
    "node_modules/@tsparticles/interaction-external-grab": {
      "version": "4.1.3",
      "resolved": "https://registry.npmjs.org/@tsparticles/interaction-external-grab/-/interaction-external-grab-4.1.3.tgz",
      "integrity": "sha512-PneW2kN7JxMd4etvzlUV/J/flakO1+BRHNW/7rAoQy9UAYbSqj4fHxSanJsGfpDMMmecIL08L2eZHEKibYMMWQ==",
      "license": "MIT",
      "dependencies": {
        "@tsparticles/canvas-utils": "4.1.3"
      },
      "peerDependencies": {
        "@tsparticles/engine": "4.1.3",
        "@tsparticles/plugin-interactivity": "4.1.3"
      }
    },
    "node_modules/@tsparticles/interaction-external-parallax": {
      "version": "4.1.3",
      "resolved": "https://registry.npmjs.org/@tsparticles/interaction-external-parallax/-/interaction-external-parallax-4.1.3.tgz",
      "integrity": "sha512-UWvK5l4sw/Wm94ADaHuBdK+ASBl14UX8RsU3wBxW6dypq+orgftTWDJDxkOfNumFJq0tKcImTyKy2DLG+jSqdw==",
      "license": "MIT",
      "peerDependencies": {
        "@tsparticles/engine": "4.1.3",
        "@tsparticles/plugin-interactivity": "4.1.3"
      }
    },
    "node_modules/@tsparticles/interaction-external-pause": {
      "version": "4.1.3",
      "resolved": "https://registry.npmjs.org/@tsparticles/interaction-external-pause/-/interaction-external-pause-4.1.3.tgz",
      "integrity": "sha512-lP4VvNo4sLGccKrTGFvy6zKb5/nZDGGl1N0XC9uZHkojYWs3y7CigQbz1TGjOqx95ZoZm7/43F8LlvuAWtSHDg==",
      "license": "MIT",
      "peerDependencies": {
        "@tsparticles/engine": "4.1.3",
        "@tsparticles/plugin-interactivity": "4.1.3"
      }
    },
    "node_modules/@tsparticles/interaction-external-push": {
      "version": "4.1.3",
      "resolved": "https://registry.npmjs.org/@tsparticles/interaction-external-push/-/interaction-external-push-4.1.3.tgz",
      "integrity": "sha512-ka5xnslSrbKEK42FMDiGP4e4WKdU1k7E0MEnmDAzh0Pz//wi5MuVfqSwkJv/Q6Xxs+n+yQOdt9NWRchP3lJXBw==",
      "license": "MIT",
      "peerDependencies": {
        "@tsparticles/engine": "4.1.3",
        "@tsparticles/plugin-interactivity": "4.1.3"
      }
    },
    "node_modules/@tsparticles/interaction-external-remove": {
      "version": "4.1.3",
      "resolved": "https://registry.npmjs.org/@tsparticles/interaction-external-remove/-/interaction-external-remove-4.1.3.tgz",
      "integrity": "sha512-3JDKhP5aCelbbhZ0ULIPzT4Leof28oGHmrqJWO8AOmzGqausHmLx71i5cvvKctXZO/GAXC945rAqYru3OCLlCA==",
      "license": "MIT",
      "peerDependencies": {
        "@tsparticles/engine": "4.1.3",
        "@tsparticles/plugin-interactivity": "4.1.3"
      }
    },
    "node_modules/@tsparticles/interaction-external-repulse": {
      "version": "4.1.3",
      "resolved": "https://registry.npmjs.org/@tsparticles/interaction-external-repulse/-/interaction-external-repulse-4.1.3.tgz",
      "integrity": "sha512-BSCC5MT77dta2BaH7eapJndSRvqNT7M88ianY8BQ1RYcXzmSuvmn8GP1NrkTnjP+Pf8V5kXVUHAt2tvGt49W9w==",
      "license": "MIT",
      "peerDependencies": {
        "@tsparticles/engine": "4.1.3",
        "@tsparticles/plugin-interactivity": "4.1.3"
      }
    },
    "node_modules/@tsparticles/interaction-external-slow": {
      "version": "4.1.3",
      "resolved": "https://registry.npmjs.org/@tsparticles/interaction-external-slow/-/interaction-external-slow-4.1.3.tgz",
      "integrity": "sha512-WT4W2m+i1YMHd8RJRGAnGVeyre+uR4pIRqIApf/+sB2LCbUHqZXFk0L2j9lPtPYFsQ/uupFPij6593f2aFAMfA==",
      "license": "MIT",
      "peerDependencies": {
        "@tsparticles/engine": "4.1.3",
        "@tsparticles/plugin-interactivity": "4.1.3"
      }
    },
    "node_modules/@tsparticles/interaction-external-trail": {
      "version": "4.1.3",
      "resolved": "https://registry.npmjs.org/@tsparticles/interaction-external-trail/-/interaction-external-trail-4.1.3.tgz",
      "integrity": "sha512-QNdfmoD6gIG9SP/rq1ty60cI9w0+L/W6TNQ5de1at6T2gH7e0MoreQlyHsalSfsZWTyl7jV6G92UHLm9DjSsdA==",
      "license": "MIT",
      "peerDependencies": {
        "@tsparticles/engine": "4.1.3",
        "@tsparticles/plugin-interactivity": "4.1.3"
      }
    },
    "node_modules/@tsparticles/interaction-particles-attract": {
      "version": "4.1.3",
      "resolved": "https://registry.npmjs.org/@tsparticles/interaction-particles-attract/-/interaction-particles-attract-4.1.3.tgz",
      "integrity": "sha512-Pu6FgQuYESNJBrFyZ2z1tA6dpONw/6I4Vn+VNUC5Yub1FEuP6GmsG1iukF9u5eAbOGyaDOG5v0CKn4qWByGNtA==",
      "license": "MIT",
      "peerDependencies": {
        "@tsparticles/engine": "4.1.3",
        "@tsparticles/plugin-interactivity": "4.1.3"
      }
    },
    "node_modules/@tsparticles/interaction-particles-collisions": {
      "version": "4.1.3",
      "resolved": "https://registry.npmjs.org/@tsparticles/interaction-particles-collisions/-/interaction-particles-collisions-4.1.3.tgz",
      "integrity": "sha512-pFHoh6ZEGBWKsg9AbQOF9ZL+Z0GekWEiUL/qg4Oo3Dj+8nWYK2x28RkkxEmylW+m3lHpU/mjIUzlg2pSVE0rVQ==",
      "license": "MIT",
      "peerDependencies": {
        "@tsparticles/engine": "4.1.3",
        "@tsparticles/plugin-interactivity": "4.1.3"
      }
    },
    "node_modules/@tsparticles/interaction-particles-links": {
      "version": "4.1.3",
      "resolved": "https://registry.npmjs.org/@tsparticles/interaction-particles-links/-/interaction-particles-links-4.1.3.tgz",
      "integrity": "sha512-8dHBuwF86l6t/fPcwTqpagg/4MKrQt9qAfweLDBbhJygAyZZhoyTjgGRttjkbzeIT5F+gU54I6btyshaJJZAUA==",
      "license": "MIT",
      "dependencies": {
        "@tsparticles/canvas-utils": "4.1.3"
      },
      "peerDependencies": {
        "@tsparticles/engine": "4.1.3",
        "@tsparticles/plugin-interactivity": "4.1.3"
      }
    },
    "node_modules/@tsparticles/plugin-absorbers": {
      "version": "4.1.3",
      "resolved": "https://registry.npmjs.org/@tsparticles/plugin-absorbers/-/plugin-absorbers-4.1.3.tgz",
      "integrity": "sha512-UcI1cK7FoeZlW8FHafgM9hU0s1sVWE5vfonniEvhVbEoojLAhJCFWDO4jlnr5TQz8+g/OYcisxlDCXdeo+ULGQ==",
      "license": "MIT",
      "peerDependencies": {
        "@tsparticles/engine": "4.1.3",
        "@tsparticles/plugin-interactivity": "4.1.3"
      },
      "peerDependenciesMeta": {
        "@tsparticles/plugin-interactivity": {
          "optional": true
        }
      }
    },
    "node_modules/@tsparticles/plugin-blend": {
      "version": "4.1.3",
      "resolved": "https://registry.npmjs.org/@tsparticles/plugin-blend/-/plugin-blend-4.1.3.tgz",
      "integrity": "sha512-21nn5m+WQ9dL8xvSUXXp2yjsLl5Oiks+Npbh9uIU4uWNNOgdz+B1PY8swv4csPeI4SPbRMDVYNULqgCpTYkLWA==",
      "license": "MIT",
      "peerDependencies": {
        "@tsparticles/engine": "4.1.3"
      }
    },
    "node_modules/@tsparticles/plugin-easing-quad": {
      "version": "4.1.3",
      "resolved": "https://registry.npmjs.org/@tsparticles/plugin-easing-quad/-/plugin-easing-quad-4.1.3.tgz",
      "integrity": "sha512-Bk+oH9gwF8FWwmgYTpASNXL6Nv4O/8Fmrr2MkzAhk0wDpu1GGD8r6181h5W5c/17a2qeeCPJDCo4MEm6ngwyLw==",
      "funding": [
        {
          "type": "github",
          "url": "https://github.com/sponsors/matteobruni"
        },
        {
          "type": "github",
          "url": "https://github.com/sponsors/tsparticles"
        },
        {
          "type": "buymeacoffee",
          "url": "https://www.buymeacoffee.com/matteobruni"
        }
      ],
      "license": "MIT",
      "peerDependencies": {
        "@tsparticles/engine": "4.1.3"
      }
    },
    "node_modules/@tsparticles/plugin-emitters": {
      "version": "4.1.3",
      "resolved": "https://registry.npmjs.org/@tsparticles/plugin-emitters/-/plugin-emitters-4.1.3.tgz",
      "integrity": "sha512-+zRxb5FbU8VBnUSwi5nlyNk10V2UDOCIBo+CYBiIfkfNTrMtgi6dLmOc0I5ECWfb4BONcKblo/c2VSGiAFExbw==",
      "license": "MIT",
      "peerDependencies": {
        "@tsparticles/engine": "4.1.3",
        "@tsparticles/plugin-interactivity": "4.1.3"
      },
      "peerDependenciesMeta": {
        "@tsparticles/plugin-interactivity": {
          "optional": true
        }
      }
    },
    "node_modules/@tsparticles/plugin-emitters-shape-circle": {
      "version": "4.1.3",
      "resolved": "https://registry.npmjs.org/@tsparticles/plugin-emitters-shape-circle/-/plugin-emitters-shape-circle-4.1.3.tgz",
      "integrity": "sha512-xqPBVWZXGaKfQRQV+MPveOi4icxJR1yzS0WUCpjzWberjb2aGn0I8uMxcWTlUt4ONpPUa+LFLQS3+bmir/PGoA==",
      "funding": [
        {
          "type": "github",
          "url": "https://github.com/sponsors/matteobruni"
        },
        {
          "type": "github",
          "url": "https://github.com/sponsors/tsparticles"
        },
        {
          "type": "buymeacoffee",
          "url": "https://www.buymeacoffee.com/matteobruni"
        }
      ],
      "license": "MIT",
      "peerDependencies": {
        "@tsparticles/engine": "4.1.3",
        "@tsparticles/plugin-emitters": "4.1.3"
      }
    },
    "node_modules/@tsparticles/plugin-emitters-shape-square": {
      "version": "4.1.3",
      "resolved": "https://registry.npmjs.org/@tsparticles/plugin-emitters-shape-square/-/plugin-emitters-shape-square-4.1.3.tgz",
      "integrity": "sha512-CCkjFQbYNtvOEKglrcQRk/ITqI20MmC68lHQ5fxh29QiY+OThxs/Lt7qmTiPPRUkPhFYj2AyFXzl5AzSNV1VQg==",
      "funding": [
        {
          "type": "github",
          "url": "https://github.com/sponsors/matteobruni"
        },
        {
          "type": "github",
          "url": "https://github.com/sponsors/tsparticles"
        },
        {
          "type": "buymeacoffee",
          "url": "https://www.buymeacoffee.com/matteobruni"
        }
      ],
      "license": "MIT",
      "peerDependencies": {
        "@tsparticles/engine": "4.1.3",
        "@tsparticles/plugin-emitters": "4.1.3"
      }
    },
    "node_modules/@tsparticles/plugin-hex-color": {
      "version": "4.1.3",
      "resolved": "https://registry.npmjs.org/@tsparticles/plugin-hex-color/-/plugin-hex-color-4.1.3.tgz",
      "integrity": "sha512-k+0HpJ4aA45Sw/PNoA/dI878lHv92LACI6c2qlvcrzsdCJJjVJ8zSWnLw+8DgUYi8mhcjU8cq+8Rv6edZj1wqw==",
      "funding": [
        {
          "type": "github",
          "url": "https://github.com/sponsors/matteobruni"
        },
        {
          "type": "github",
          "url": "https://github.com/sponsors/tsparticles"
        },
        {
          "type": "buymeacoffee",
          "url": "https://www.buymeacoffee.com/matteobruni"
        }
      ],
      "license": "MIT",
      "peerDependencies": {
        "@tsparticles/engine": "4.1.3"
      }
    },
    "node_modules/@tsparticles/plugin-hsl-color": {
      "version": "4.1.3",
      "resolved": "https://registry.npmjs.org/@tsparticles/plugin-hsl-color/-/plugin-hsl-color-4.1.3.tgz",
      "integrity": "sha512-ErBOCI/yXT47arxaAZwfzBGbKKYA1hpLEWChAXDokiVmIJnE6lj6QlSi06iTeGB/7YT5mJBvqQr4rS5IqpIG/g==",
      "funding": [
        {
          "type": "github",
          "url": "https://github.com/sponsors/matteobruni"
        },
        {
          "type": "github",
          "url": "https://github.com/sponsors/tsparticles"
        },
        {
          "type": "buymeacoffee",
          "url": "https://www.buymeacoffee.com/matteobruni"
        }
      ],
      "license": "MIT",
      "peerDependencies": {
        "@tsparticles/engine": "4.1.3"
      }
    },
    "node_modules/@tsparticles/plugin-interactivity": {
      "version": "4.1.3",
      "resolved": "https://registry.npmjs.org/@tsparticles/plugin-interactivity/-/plugin-interactivity-4.1.3.tgz",
      "integrity": "sha512-661y+MRiIkahrJYskjOYhgjcK/0GM0pAVTwIA+Vqqs7rd6nmOZ7R1K26ZsAfp4tkcr4zYuvs7Jd3DGpkaURB9w==",
      "license": "MIT",
      "peerDependencies": {
        "@tsparticles/engine": "4.1.3"
      }
    },
    "node_modules/@tsparticles/plugin-move": {
      "version": "4.1.3",
      "resolved": "https://registry.npmjs.org/@tsparticles/plugin-move/-/plugin-move-4.1.3.tgz",
      "integrity": "sha512-LubOW7P2ilxkOsBQVg9txd7Jet5gkQ/FHE+jNCx9e++pvIqNhWsOnFP13YTJMJFNYksc0BtOPA1Ewl8mCasoxA==",
      "license": "MIT",
      "peerDependencies": {
        "@tsparticles/engine": "4.1.3"
      }
    },
    "node_modules/@tsparticles/plugin-rgb-color": {
      "version": "4.1.3",
      "resolved": "https://registry.npmjs.org/@tsparticles/plugin-rgb-color/-/plugin-rgb-color-4.1.3.tgz",
      "integrity": "sha512-H+MVpMJbzEYYf9Hyka8y5uU6eJSryxwDUTol6hDxdKRW8LL+Y1BjD85cIjwVzp0b5yrUfBPMCwR8Z9/oC3ZG8A==",
      "funding": [
        {
          "type": "github",
          "url": "https://github.com/sponsors/matteobruni"
        },
        {
          "type": "github",
          "url": "https://github.com/sponsors/tsparticles"
        },
        {
          "type": "buymeacoffee",
          "url": "https://www.buymeacoffee.com/matteobruni"
        }
      ],
      "license": "MIT",
      "peerDependencies": {
        "@tsparticles/engine": "4.1.3"
      }
    },
    "node_modules/@tsparticles/shape-circle": {
      "version": "4.1.3",
      "resolved": "https://registry.npmjs.org/@tsparticles/shape-circle/-/shape-circle-4.1.3.tgz",
      "integrity": "sha512-LiidH8LWCOYufhA3vWaoVE3pkp4Os3fl+dnuRs0z5Ye4jaSAZRsbE80wtuCzRrBMdUbvU83XMTSMCqT++Wg6xg==",
      "license": "MIT",
      "peerDependencies": {
        "@tsparticles/engine": "4.1.3"
      }
    },
    "node_modules/@tsparticles/shape-emoji": {
      "version": "4.1.3",
      "resolved": "https://registry.npmjs.org/@tsparticles/shape-emoji/-/shape-emoji-4.1.3.tgz",
      "integrity": "sha512-meEPEts8xlWZw/zv0K2n3ihnCY5bJWGLh8AwtQdjuqUGsH3wqi3p96bwCsW1Yt/37tjVA892IMgg2ezPjnQEZA==",
      "license": "MIT",
      "dependencies": {
        "@tsparticles/canvas-utils": "4.1.3"
      },
      "peerDependencies": {
        "@tsparticles/engine": "4.1.3"
      }
    },
    "node_modules/@tsparticles/shape-image": {
      "version": "4.1.3",
      "resolved": "https://registry.npmjs.org/@tsparticles/shape-image/-/shape-image-4.1.3.tgz",
      "integrity": "sha512-ubnLk/2hp+2Ugkk1nV3osMUy+F2cVV6hUNPxwHad9XGHbgntAlWzLv7pXFJNvFpgjmr9Bs89ZhmoPYnb6cKscA==",
      "license": "MIT",
      "peerDependencies": {
        "@tsparticles/engine": "4.1.3"
      }
    },
    "node_modules/@tsparticles/shape-line": {
      "version": "4.1.3",
      "resolved": "https://registry.npmjs.org/@tsparticles/shape-line/-/shape-line-4.1.3.tgz",
      "integrity": "sha512-gu1ZJ+n3vZr75LbFkKYGoBbtIejmeq59wrqodKOMktRz0MZPnLoKr7ruZY7t+P8KBdGl3pZLyddZayCEoLtUKA==",
      "license": "MIT",
      "peerDependencies": {
        "@tsparticles/engine": "4.1.3"
      }
    },
    "node_modules/@tsparticles/shape-polygon": {
      "version": "4.1.3",
      "resolved": "https://registry.npmjs.org/@tsparticles/shape-polygon/-/shape-polygon-4.1.3.tgz",
      "integrity": "sha512-cmH5PfU0NsC1d5JTu3zPB9CtTAXOTgnZVFLlw11CsbaY7jwFgeubx3//WB++exctWWISRhNo9mfZdRgpdmMhpQ==",
      "license": "MIT",
      "peerDependencies": {
        "@tsparticles/engine": "4.1.3"
      }
    },
    "node_modules/@tsparticles/shape-square": {
      "version": "4.1.3",
      "resolved": "https://registry.npmjs.org/@tsparticles/shape-square/-/shape-square-4.1.3.tgz",
      "integrity": "sha512-97AJH7jCEHTFfGTLf6Wj8OofAbDm0PaON83XYByT8gLFOSWG23IKo3giQz1rFhk9aq1824ZmotQw0WJgZbF6Ng==",
      "license": "MIT",
      "peerDependencies": {
        "@tsparticles/engine": "4.1.3"
      }
    },
    "node_modules/@tsparticles/shape-star": {
      "version": "4.1.3",
      "resolved": "https://registry.npmjs.org/@tsparticles/shape-star/-/shape-star-4.1.3.tgz",
      "integrity": "sha512-pf1UTN6+J7sJ1NMvnBCmEsLI7RLn7mMUQwA2CUVkjY9dkfGiQq/cSdsoH23CyWsfTiPHF/H+xqkA1XOIU4YkpA==",
      "license": "MIT",
      "peerDependencies": {
        "@tsparticles/engine": "4.1.3"
      }
    },
    "node_modules/@tsparticles/shape-text": {
      "version": "4.1.3",
      "resolved": "https://registry.npmjs.org/@tsparticles/shape-text/-/shape-text-4.1.3.tgz",
      "integrity": "sha512-pp8tzm41BVsYEH5BljgOjCCamiJrmwb1gZGIPDTCviFdrLWTtuZpUfVdJSIEicEuEyAPclycqpmBALXrHQS1+g==",
      "license": "MIT",
      "dependencies": {
        "@tsparticles/canvas-utils": "4.1.3"
      },
      "peerDependencies": {
        "@tsparticles/engine": "4.1.3"
      }
    },
    "node_modules/@tsparticles/slim": {
      "version": "4.1.3",
      "resolved": "https://registry.npmjs.org/@tsparticles/slim/-/slim-4.1.3.tgz",
      "integrity": "sha512-picF8l0rmMyUSFra92RoZ3584nKBdBibVbFi0t4xGnJ9oikII6TZNtW8KA8vgtnBFA1n/l2XFe+v8F63r0lVPQ==",
      "funding": [
        {
          "type": "github",
          "url": "https://github.com/sponsors/matteobruni"
        },
        {
          "type": "github",
          "url": "https://github.com/sponsors/tsparticles"
        },
        {
          "type": "buymeacoffee",
          "url": "https://www.buymeacoffee.com/matteobruni"
        }
      ],
      "license": "MIT",
      "dependencies": {
        "@tsparticles/basic": "4.1.3",
        "@tsparticles/engine": "4.1.3",
        "@tsparticles/interaction-external-attract": "4.1.3",
        "@tsparticles/interaction-external-bounce": "4.1.3",
        "@tsparticles/interaction-external-bubble": "4.1.3",
        "@tsparticles/interaction-external-connect": "4.1.3",
        "@tsparticles/interaction-external-destroy": "4.1.3",
        "@tsparticles/interaction-external-grab": "4.1.3",
        "@tsparticles/interaction-external-parallax": "4.1.3",
        "@tsparticles/interaction-external-pause": "4.1.3",
        "@tsparticles/interaction-external-push": "4.1.3",
        "@tsparticles/interaction-external-remove": "4.1.3",
        "@tsparticles/interaction-external-repulse": "4.1.3",
        "@tsparticles/interaction-external-slow": "4.1.3",
        "@tsparticles/interaction-particles-attract": "4.1.3",
        "@tsparticles/interaction-particles-collisions": "4.1.3",
        "@tsparticles/interaction-particles-links": "4.1.3",
        "@tsparticles/plugin-easing-quad": "4.1.3",
        "@tsparticles/plugin-interactivity": "4.1.3",
        "@tsparticles/shape-emoji": "4.1.3",
        "@tsparticles/shape-image": "4.1.3",
        "@tsparticles/shape-line": "4.1.3",
        "@tsparticles/shape-polygon": "4.1.3",
        "@tsparticles/shape-square": "4.1.3",
        "@tsparticles/shape-star": "4.1.3",
        "@tsparticles/updater-life": "4.1.3",
        "@tsparticles/updater-paint": "4.1.3",
        "@tsparticles/updater-rotate": "4.1.3"
      }
    },
    "node_modules/@tsparticles/updater-destroy": {
      "version": "4.1.3",
      "resolved": "https://registry.npmjs.org/@tsparticles/updater-destroy/-/updater-destroy-4.1.3.tgz",
      "integrity": "sha512-+/4P2rOBsOyydywIJIsca71hA2d8N4gev4Xn3Pz9N+RYVGUlQFCCQ463+wB8DhGCBMB7Chui8/PESMqons+3CQ==",
      "license": "MIT",
      "peerDependencies": {
        "@tsparticles/engine": "4.1.3"
      }
    },
    "node_modules/@tsparticles/updater-life": {
      "version": "4.1.3",
      "resolved": "https://registry.npmjs.org/@tsparticles/updater-life/-/updater-life-4.1.3.tgz",
      "integrity": "sha512-ObrD66AgEy6U43szLm+Jm6vUFfyKciizpGAS6WAuWFBbYofh7HG6S5u34zsI1SIGo99RpcI+k0gUXdVnIqzdeQ==",
      "license": "MIT",
      "peerDependencies": {
        "@tsparticles/engine": "4.1.3"
      }
    },
    "node_modules/@tsparticles/updater-opacity": {
      "version": "4.1.3",
      "resolved": "https://registry.npmjs.org/@tsparticles/updater-opacity/-/updater-opacity-4.1.3.tgz",
      "integrity": "sha512-/Q+YxeNLhTf+itxjvfnoWl4ybm3k9QABkW6/tAbkFafwdAItOs32YE0mf4QlcEXtf7bBgf6+6SRr0YqtPhbT6g==",
      "license": "MIT",
      "peerDependencies": {
        "@tsparticles/engine": "4.1.3"
      }
    },
    "node_modules/@tsparticles/updater-out-modes": {
      "version": "4.1.3",
      "resolved": "https://registry.npmjs.org/@tsparticles/updater-out-modes/-/updater-out-modes-4.1.3.tgz",
      "integrity": "sha512-xzDn4fgW1NhUSUcGSaDtTQ7Ti8uArA9oCuFbqPSZUwo/VOw+AftqAKM85HzV4Wyh4QMH7guaDbP6qJmxaYZr4g==",
      "license": "MIT",
      "peerDependencies": {
        "@tsparticles/engine": "4.1.3"
      }
    },
    "node_modules/@tsparticles/updater-paint": {
      "version": "4.1.3",
      "resolved": "https://registry.npmjs.org/@tsparticles/updater-paint/-/updater-paint-4.1.3.tgz",
      "integrity": "sha512-mK8mWOAoN79w46IfZh8N7O/f8QxgrLbt/DjbBJY2ax0k7yfCv6Y9zTcbk1WS61NworizxoyPghg1aZP6UM/Rgw==",
      "license": "MIT",
      "peerDependencies": {
        "@tsparticles/engine": "4.1.3"
      }
    },
    "node_modules/@tsparticles/updater-roll": {
      "version": "4.1.3",
      "resolved": "https://registry.npmjs.org/@tsparticles/updater-roll/-/updater-roll-4.1.3.tgz",
      "integrity": "sha512-/JaoBJhhxvQnD8FOm5PedIAltxyjAQqWm3XktYJOBAKVxkQhZV93d3KkXuOWtJAfJN1NcOfXZBLX86cOtFlZPQ==",
      "license": "MIT",
      "peerDependencies": {
        "@tsparticles/engine": "4.1.3"
      }
    },
    "node_modules/@tsparticles/updater-rotate": {
      "version": "4.1.3",
      "resolved": "https://registry.npmjs.org/@tsparticles/updater-rotate/-/updater-rotate-4.1.3.tgz",
      "integrity": "sha512-k6ME2G4x5hgFaXAYICrVWYIBBncbMtsB/zV6vQtqZBij8vIiTHgaBgjNoJPuZJiZZSFL23Xyw5ElsWIg2G2XRQ==",
      "license": "MIT",
      "peerDependencies": {
        "@tsparticles/engine": "4.1.3"
      }
    },
    "node_modules/@tsparticles/updater-size": {
      "version": "4.1.3",
      "resolved": "https://registry.npmjs.org/@tsparticles/updater-size/-/updater-size-4.1.3.tgz",
      "integrity": "sha512-rhG3ybxf3okV22gUi7c9Z1Fi1bQGBhourET2MGW73hONwYC1tMlW3SGlKIJr0G9vibFWgxDbwd1kgKiFp3Hycw==",
      "license": "MIT",
      "peerDependencies": {
        "@tsparticles/engine": "4.1.3"
      }
    },
    "node_modules/@tsparticles/updater-tilt": {
      "version": "4.1.3",
      "resolved": "https://registry.npmjs.org/@tsparticles/updater-tilt/-/updater-tilt-4.1.3.tgz",
      "integrity": "sha512-77F4jOovKZSY7RdeJMx8ebHqN7nUAkOB5440Y/X9+sdht6GagcJ/ydJrvdHhKg8IFnE1p8EW4u0fbyDn9YqBxw==",
      "license": "MIT",
      "peerDependencies": {
        "@tsparticles/engine": "4.1.3"
      }
    },
    "node_modules/@tsparticles/updater-twinkle": {
      "version": "4.1.3",
      "resolved": "https://registry.npmjs.org/@tsparticles/updater-twinkle/-/updater-twinkle-4.1.3.tgz",
      "integrity": "sha512-2AjPKajZq6okjcz/Z5Tb5XbgVzonDKgRqRJBraPkffd5UZPOAutLD5Rw7VC3ex2Ier6Mhzgwyc3c8sGdA7J2YQ==",
      "license": "MIT",
      "peerDependencies": {
        "@tsparticles/engine": "4.1.3"
      }
    },
    "node_modules/@tsparticles/updater-wobble": {
      "version": "4.1.3",
      "resolved": "https://registry.npmjs.org/@tsparticles/updater-wobble/-/updater-wobble-4.1.3.tgz",
      "integrity": "sha512-ycQKftwaEA/50WM+8qpZvGyX4nJAFXE5P8nUDPxwNzOHFgAGukicV3c1UHrZJOIA3XI3AOkE/QDKWvFUHru7HA==",
      "license": "MIT",
      "peerDependencies": {
        "@tsparticles/engine": "4.1.3"
      }
    },
    "node_modules/@types/draco3d": {
      "version": "1.4.10",
      "resolved": "https://registry.npmjs.org/@types/draco3d/-/draco3d-1.4.10.tgz",
      "integrity": "sha512-AX22jp8Y7wwaBgAixaSvkoG4M/+PlAcm3Qs4OW8yT9DM4xUpWKeFhLueTAyZF39pviAdcDdeJoACapiAceqNcw==",
      "license": "MIT"
    },
    "node_modules/@types/offscreencanvas": {
      "version": "2019.7.3",
      "resolved": "https://registry.npmjs.org/@types/offscreencanvas/-/offscreencanvas-2019.7.3.tgz",
      "integrity": "sha512-ieXiYmgSRXUDeOntE1InxjWyvEelZGP63M+cGuquuRLuIKKT1osnkXjxev9B7d1nXSug5vpunx+gNlbVxMlC9A==",
      "license": "MIT"
    },
    "node_modules/@types/webxr": {
      "version": "0.5.24",
      "resolved": "https://registry.npmjs.org/@types/webxr/-/webxr-0.5.24.tgz",
      "integrity": "sha512-h8fgEd/DpoS9CBrjEQXR+dIDraopAEfu4wYVNY2tEPwk60stPWhvZMf4Foo5FakuQ7HFZoa8WceaWFervK2Ovg==",
      "license": "MIT"
    },
    "node_modules/draco3d": {
      "version": "1.5.7",
      "resolved": "https://registry.npmjs.org/draco3d/-/draco3d-1.5.7.tgz",
      "integrity": "sha512-m6WCKt/erDXcw+70IJXnG7M3awwQPAsZvJGX5zY7beBqpELw6RDGkYVU0W43AFxye4pDZ5i2Lbyc/NNGqwjUVQ==",
      "license": "Apache-2.0"
    },
    "node_modules/fflate": {
      "version": "0.6.10",
      "resolved": "https://registry.npmjs.org/fflate/-/fflate-0.6.10.tgz",
      "integrity": "sha512-IQrh3lEPM93wVCEczc9SaAOvkmcoQn/G8Bo1e8ZPlY3X3bnAxWaBdvTdvM1hP62iZp0BXWDy4vTAy4fF0+Dlpg==",
      "license": "MIT"
    },
    "node_modules/gsap": {
      "version": "3.15.0",
      "resolved": "https://registry.npmjs.org/gsap/-/gsap-3.15.0.tgz",
      "integrity": "sha512-dMW4CWBTUK1AEEDeZc1g4xpPGIrSf9fJF960qbTZmN/QwZIWY5wgliS6JWl9/25fpTGJrMRtSjGtOmPnfjZB+A==",
      "license": "Standard 'no charge' license: https://gsap.com/standard-license."
    },
    "node_modules/lenis": {
      "version": "1.3.23",
      "resolved": "https://registry.npmjs.org/lenis/-/lenis-1.3.23.tgz",
      "integrity": "sha512-YxYq3TJqj9sJNv0V9SkyQHejt14xwyIwgDaaMK89Uf9SxQfIszu+gTQSSphh6BWlLTNVKvvXAGkg+Zf+oFIevg==",
      "license": "MIT",
      "workspaces": [
        "packages/*",
        "playground",
        "playground/*"
      ],
      "funding": {
        "type": "github",
        "url": "https://github.com/sponsors/darkroomengineering"
      },
      "peerDependencies": {
        "@nuxt/kit": ">=3.0.0",
        "react": ">=17.0.0",
        "vue": ">=3.0.0"
      },
      "peerDependenciesMeta": {
        "@nuxt/kit": {
          "optional": true
        },
        "react": {
          "optional": true
        },
        "vue": {
          "optional": true
        }
      }
    },
    "node_modules/lucide": {
      "version": "1.17.0",
      "resolved": "https://registry.npmjs.org/lucide/-/lucide-1.17.0.tgz",
      "integrity": "sha512-icbHK+hG15rWoacjNi3aw+UXHRmZ9Ee1fJ6ZSu7lbC4GOig7evVEXYCfK77FvjQHusPgi0D/QN7zTO+5wZ8PwQ==",
      "license": "ISC"
    },
    "node_modules/potpack": {
      "version": "1.0.2",
      "resolved": "https://registry.npmjs.org/potpack/-/potpack-1.0.2.tgz",
      "integrity": "sha512-choctRBIV9EMT9WGAZHn3V7t0Z2pMQyl0EZE6pFc/6ml3ssw7Dlf/oAOvFwjm1HVsqfQN8GfeFyJ+d8tRzqueQ==",
      "license": "ISC"
    },
    "node_modules/split-type": {
      "version": "0.3.4",
      "resolved": "https://registry.npmjs.org/split-type/-/split-type-0.3.4.tgz",
      "integrity": "sha512-otEk9vnD8qwfLsk3Lx0gz+qRkNIJCx0mlyL47ImP/DjMuV39d75Lpfwjn9fHteDRz0aoOblSzQjSNT9+Sswxcg==",
      "license": "ISC"
    },
    "node_modules/three": {
      "version": "0.184.0",
      "resolved": "https://registry.npmjs.org/three/-/three-0.184.0.tgz",
      "integrity": "sha512-wtTRjG92pM5eUg/KuUnHsqSAlPM296brTOcLgMRqEeylYTh/CdtvKUvCyyCQTzFuStieWxvZb8mVTMvdPyUpxg==",
      "license": "MIT"
    },
    "node_modules/three-stdlib": {
      "version": "2.36.1",
      "resolved": "https://registry.npmjs.org/three-stdlib/-/three-stdlib-2.36.1.tgz",
      "integrity": "sha512-XyGQrFmNQ5O/IoKm556ftwKsBg11TIb301MB5dWNicziQBEs2g3gtOYIf7pFiLa0zI2gUwhtCjv9fmjnxKZ1Cg==",
      "license": "MIT",
      "dependencies": {
        "@types/draco3d": "^1.4.0",
        "@types/offscreencanvas": "^2019.6.4",
        "@types/webxr": "^0.5.2",
        "draco3d": "^1.4.1",
        "fflate": "^0.6.9",
        "potpack": "^1.0.1"
      },
      "peerDependencies": {
        "three": ">=0.128.0"
      }
    },
    "node_modules/tsparticles": {
      "version": "4.1.3",
      "resolved": "https://registry.npmjs.org/tsparticles/-/tsparticles-4.1.3.tgz",
      "integrity": "sha512-ff+ovNtBJP35qs4hxcXJ5xo1GaxUouZ/DYpYpsCNq/GujQsC/KqvnW3TVT1DzVNHtHGJgX1+SjDldUADubLVNg==",
      "funding": [
        {
          "type": "github",
          "url": "https://github.com/sponsors/matteobruni"
        },
        {
          "type": "github",
          "url": "https://github.com/sponsors/tsparticles"
        },
        {
          "type": "buymeacoffee",
          "url": "https://www.buymeacoffee.com/matteobruni"
        }
      ],
      "license": "MIT",
      "dependencies": {
        "@tsparticles/engine": "4.1.3",
        "@tsparticles/interaction-external-drag": "4.1.3",
        "@tsparticles/interaction-external-trail": "4.1.3",
        "@tsparticles/plugin-absorbers": "4.1.3",
        "@tsparticles/plugin-emitters": "4.1.3",
        "@tsparticles/plugin-emitters-shape-circle": "4.1.3",
        "@tsparticles/plugin-emitters-shape-square": "4.1.3",
        "@tsparticles/shape-text": "4.1.3",
        "@tsparticles/slim": "4.1.3",
        "@tsparticles/updater-destroy": "4.1.3",
        "@tsparticles/updater-roll": "4.1.3",
        "@tsparticles/updater-tilt": "4.1.3",
        "@tsparticles/updater-twinkle": "4.1.3",
        "@tsparticles/updater-wobble": "4.1.3"
      }
    }
  }
}
